Microsoft Visual Studio Solution File, Format Version 12.00
# Visual Studio Version 17
VisualStudioVersion = 17.5.2.0
MinimumVisualStudioVersion = 10.0.40219.1
Project("{FAE04EC0-301F-11D3-BF4B-00C04F79EFBC}") = "SendEmailfunc", "SendEmailfunc.csproj", "{394DD932-6B85-139D-327E-F5E809B30FEB}"
EndProject
Global
	GlobalSection(SolutionConfigurationPlatforms) = preSolution
		Debug|Any CPU = Debug|Any CPU
		Release|Any CPU = Release|Any CPU
	EndGlobalSection
	GlobalSection(ProjectConfigurationPlatforms) = postSolution
		{394DD932-6B85-139D-327E-F5E809B30FEB}.Debug|Any CPU.ActiveCfg = Debug|Any CPU
		{394DD932-6B85-139D-327E-F5E809B30FEB}.Debug|Any CPU.Build.0 = Debug|Any CPU
		{394DD932-6B85-139D-327E-F5E809B30FEB}.Release|Any CPU.ActiveCfg = Release|Any CPU
		{394DD932-6B85-139D-327E-F5E809B30FEB}.Release|Any CPU.Build.0 = Release|Any CPU
	EndGlobalSection
	GlobalSection(SolutionProperties) = preSolution
		HideSolutionNode = FALSE
	EndGlobalSection
	GlobalSection(ExtensibilityGlobals) = postSolution
		SolutionGuid = {D9ED8D60-8D7E-4B84-9DE0-389B5601E046}
	EndGlobalSection
EndGlobal
